
Microsoft Visual Studio Solution File, Format Version 12.00
# Visual Studio Version 16
VisualStudioVersion = 16.0.30413.136
MinimumVisualStudioVersion = 10.0.40219.1
Project("{FAE04EC0-301F-11D3-BF4B-00C04F79EFBC}") = "WpfApp_Piu", "WpfApp_Piu\WpfApp_Piu.csproj", "{840B8A6F-7F41-46B3-B7DB-3D211637C3D9}"
EndProject
Global
	GlobalSection(SolutionConfigurationPlatforms) = preSolution
		Debug|Any CPU = Debug|Any CPU
		Release|Any CPU = Release|Any CPU
	EndGlobalSection
	GlobalSection(ProjectConfigurationPlatforms) = postSolution
		{840B8A6F-7F41-46B3-B7DB-3D211637C3D9}.Debug|Any CPU.ActiveCfg = Debug|Any CPU
		{840B8A6F-7F41-46B3-B7DB-3D211637C3D9}.Debug|Any CPU.Build.0 = Debug|Any CPU
		{840B8A6F-7F41-46B3-B7DB-3D211637C3D9}.Release|Any CPU.ActiveCfg = Release|Any CPU
		{840B8A6F-7F41-46B3-B7DB-3D211637C3D9}.Release|Any CPU.Build.0 = Release|Any CPU
	EndGlobalSection
	GlobalSection(SolutionProperties) = preSolution
		HideSolutionNode = FALSE
	EndGlobalSection
	GlobalSection(ExtensibilityGlobals) = postSolution
		SolutionGuid = {A5F46BA7-4F82-4013-B9D5-A074EB8B30E8}
	EndGlobalSection
EndGlobal
